// !$*UTF8*$!
{
	archiveVersion = 1;
	classes = {
	};
	objectVersion = 46;
	objects = {

/* Begin PBXBuildFile section */
		3F016CD0194FC2B00040E8F9 /* NotificationCenter.framework in Frameworks */ = {isa = PBXBuildFile; fileRef = 3F016CCF194FC2B00040E8F9 /* NotificationCenter.framework */; };
		3F016CD6194FC2B00040E8F9 /* TodayViewController.m in Sources */ = {isa = PBXBuildFile; fileRef = 3F016CD5194FC2B00040E8F9 /* TodayViewController.m */; };
		3F016CD8194FC2B00040E8F9 /* MainInterface.storyboard in Resources */ = {isa = PBXBuildFile; fileRef = 3F016CD7194FC2B00040E8F9 /* MainInterface.storyboard */; };
		3F016CDB194FC2B00040E8F9 /* com.dispatchsync.SlideShow.DSPhotoWidget.appex in Embed App Extensions */ = {isa = PBXBuildFile; fileRef = 3F016CCD194FC2B00040E8F9 /* com.dispatchsync.SlideShow.DSPhotoWidget.appex */; };
		3F016CE3194FC2DB0040E8F9 /* DSAlbum.m in Sources */ = {isa = PBXBuildFile; fileRef = 3FFDF414194D3650000BF34C /* DSAlbum.m */; };
		3FFDF3ED194D3029000BF34C /* main.m in Sources */ = {isa = PBXBuildFile; fileRef = 3FFDF3EC194D3029000BF34C /* main.m */; };
		3FFDF3F0194D3029000BF34C /* AppDelegate.m in Sources */ = {isa = PBXBuildFile; fileRef = 3FFDF3EF194D3029000BF34C /* AppDelegate.m */; };
		3FFDF3F2194D3029000BF34C /* Images.xcassets in Resources */ = {isa = PBXBuildFile; fileRef = 3FFDF3F1194D3029000BF34C /* Images.xcassets */; };
		3FFDF3FE194D3029000BF34C /* SlideShowTests.m in Sources */ = {isa = PBXBuildFile; fileRef = 3FFDF3FD194D3029000BF34C /* SlideShowTests.m */; };
		3FFDF40F194D316B000BF34C /* DSSettingsViewController.m in Sources */ = {isa = PBXBuildFile; fileRef = 3FFDF40D194D316B000BF34C /* DSSettingsViewController.m */; };
		3FFDF410194D316B000BF34C /* DSSettingsViewController.xib in Resources */ = {isa = PBXBuildFile; fileRef = 3FFDF40E194D316B000BF34C /* DSSettingsViewController.xib */; };
		3FFDF415194D3650000BF34C /* DSAlbum.m in Sources */ = {isa = PBXBuildFile; fileRef = 3FFDF414194D3650000BF34C /* DSAlbum.m */; };
/* End PBXBuildFile section */

/* Begin PBXContainerItemProxy section */
		3F016CD9194FC2B00040E8F9 /* PBXContainerItemProxy */ = {
			isa = PBXContainerItemProxy;
			containerPortal = 3FFDF3DF194D3029000BF34C /* Project object */;
			proxyType = 1;
			remoteGlobalIDString = 3F016CCC194FC2B00040E8F9;
			remoteInfo = DSPhotoWidget;
		};
		3F016CDC194FC2B00040E8F9 /* PBXContainerItemProxy */ = {
			isa = PBXContainerItemProxy;
			containerPortal = 3FFDF3DF194D3029000BF34C /* Project object */;
			proxyType = 1;
			remoteGlobalIDString = 3F016CCC194FC2B00040E8F9;
			remoteInfo = DSPhotoWidget;
		};
		3FFDF3F8194D3029000BF34C /* PBXContainerItemProxy */ = {
			isa = PBXContainerItemProxy;
			containerPortal = 3FFDF3DF194D3029000BF34C /* Project object */;
			proxyType = 1;
			remoteGlobalIDString = 3FFDF3E6194D3029000BF34C;
			remoteInfo = SlideShow;
		};
/* End PBXContainerItemProxy section */

/* Begin PBXCopyFilesBuildPhase section */
		3F016CE1194FC2B00040E8F9 /* Embed App Extensions */ = {
			isa = PBXCopyFilesBuildPhase;
			buildActionMask = 2147483647;
			dstPath = "";
			dstSubfolderSpec = 13;
			files = (
				3F016CDB194FC2B00040E8F9 /* com.dispatchsync.SlideShow.DSPhotoWidget.appex in Embed App Extensions */,
			);
			name = "Embed App Extensions";
			runOnlyForDeploymentPostprocessing = 0;
		};
/* End PBXCopyFilesBuildPhase section */

/* Begin PBXFileReference section */
		3F016CCD194FC2B00040E8F9 /* com.dispatchsync.SlideShow.DSPhotoWidget.appex */ = {isa = PBXFileReference; explicitFileType = "wrapper.app-extension"; includeInIndex = 0; path = com.dispatchsync.SlideShow.DSPhotoWidget.appex; sourceTree = BUILT_PRODUCTS_DIR; };
		3F016CCF194FC2B00040E8F9 /* NotificationCenter.framework */ = {isa = PBXFileReference; lastKnownFileType = wrapper.framework; name = NotificationCenter.framework; path = System/Library/Frameworks/NotificationCenter.framework; sourceTree = SDKROOT; };
		3F016CD3194FC2B00040E8F9 /* Info.plist */ = {isa = PBXFileReference; lastKnownFileType = text.plist.xml; path = Info.plist; sourceTree = "<group>"; };
		3F016CD4194FC2B00040E8F9 /* TodayViewController.h */ = {isa = PBXFileReference; lastKnownFileType = sourcecode.c.h; path = TodayViewController.h; sourceTree = "<group>"; };
		3F016CD5194FC2B00040E8F9 /* TodayViewController.m */ = {isa = PBXFileReference; lastKnownFileType = sourcecode.c.objc; path = TodayViewController.m; sourceTree = "<group>"; };
		3F016CD7194FC2B00040E8F9 /* MainInterface.storyboard */ = {isa = PBXFileReference; lastKnownFileType = file.storyboard; path = MainInterface.storyboard; sourceTree = "<group>"; };
		3FFDF3E7194D3029000BF34C /* SlideShow.app */ = {isa = PBXFileReference; explicitFileType = wrapper.application; includeInIndex = 0; path = SlideShow.app; sourceTree = BUILT_PRODUCTS_DIR; };
		3FFDF3EB194D3029000BF34C /* Info.plist */ = {isa = PBXFileReference; lastKnownFileType = text.plist.xml; path = Info.plist; sourceTree = "<group>"; };
		3FFDF3EC194D3029000BF34C /* main.m */ = {isa = PBXFileReference; lastKnownFileType = sourcecode.c.objc; path = main.m; sourceTree = "<group>"; };
		3FFDF3EE194D3029000BF34C /* AppDelegate.h */ = {isa = PBXFileReference; lastKnownFileType = sourcecode.c.h; path = AppDelegate.h; sourceTree = "<group>"; };
		3FFDF3EF194D3029000BF34C /* AppDelegate.m */ = {isa = PBXFileReference; lastKnownFileType = sourcecode.c.objc; path = AppDelegate.m; sourceTree = "<group>"; };
		3FFDF3F1194D3029000BF34C /* Images.xcassets */ = {isa = PBXFileReference; lastKnownFileType = folder.assetcatalog; path = Images.xcassets; sourceTree = "<group>"; };
		3FFDF3F7194D3029000BF34C /* SlideShowTests.xctest */ = {isa = PBXFileReference; explicitFileType = wrapper.cfbundle; includeInIndex = 0; path = SlideShowTests.xctest; sourceTree = BUILT_PRODUCTS_DIR; };
		3FFDF3FC194D3029000BF34C /* Info.plist */ = {isa = PBXFileReference; lastKnownFileType = text.plist.xml; path = Info.plist; sourceTree = "<group>"; };
		3FFDF3FD194D3029000BF34C /* SlideShowTests.m */ = {isa = PBXFileReference; lastKnownFileType = sourcecode.c.objc; path = SlideShowTests.m; sourceTree = "<group>"; };
		3FFDF40C194D316B000BF34C /* DSSettingsViewController.h */ = {isa = PBXFileReference; fileEncoding = 4; lastKnownFileType = sourcecode.c.h; path = DSSettingsViewController.h; sourceTree = "<group>"; };
		3FFDF40D194D316B000BF34C /* DSSettingsViewController.m */ = {isa = PBXFileReference; fileEncoding = 4; lastKnownFileType = sourcecode.c.objc; path = DSSettingsViewController.m; sourceTree = "<group>"; };
		3FFDF40E194D316B000BF34C /* DSSettingsViewController.xib */ = {isa = PBXFileReference; fileEncoding = 4; lastKnownFileType = file.xib; path = DSSettingsViewController.xib; sourceTree = "<group>"; };
		3FFDF413194D3650000BF34C /* DSAlbum.h */ = {isa = PBXFileReference; fileEncoding = 4; lastKnownFileType = sourcecode.c.h; path = DSAlbum.h; sourceTree = "<group>"; };
		3FFDF414194D3650000BF34C /* DSAlbum.m */ = {isa = PBXFileReference; fileEncoding = 4; lastKnownFileType = sourcecode.c.objc; path = DSAlbum.m; sourceTree = "<group>"; };
/* End PBXFileReference section */

/* Begin PBXFrameworksBuildPhase section */
		3F016CCA194FC2B00040E8F9 /* Frameworks */ = {
			isa = PBXFrameworksBuildPhase;
			buildActionMask = 2147483647;
			files = (
				3F016CD0194FC2B00040E8F9 /* NotificationCenter.framework in Frameworks */,
			);
			runOnlyForDeploymentPostprocessing = 0;
		};
		3FFDF3E4194D3029000BF34C /* Frameworks */ = {
			isa = PBXFrameworksBuildPhase;
			buildActionMask = 2147483647;
			files = (
			);
			runOnlyForDeploymentPostprocessing = 0;
		};
		3FFDF3F4194D3029000BF34C /* Frameworks */ = {
			isa = PBXFrameworksBuildPhase;
			buildActionMask = 2147483647;
			files = (
			);
			runOnlyForDeploymentPostprocessing = 0;
		};
/* End PBXFrameworksBuildPhase section */

/* Begin PBXGroup section */
		3F016CCE194FC2B00040E8F9 /* Frameworks */ = {
			isa = PBXGroup;
			children = (
				3F016CCF194FC2B00040E8F9 /* NotificationCenter.framework */,
			);
			name = Frameworks;
			sourceTree = "<group>";
		};
		3F016CD1194FC2B00040E8F9 /* DSPhotoWidget */ = {
			isa = PBXGroup;
			children = (
				3F016CD4194FC2B00040E8F9 /* TodayViewController.h */,
				3F016CD5194FC2B00040E8F9 /* TodayViewController.m */,
				3F016CD7194FC2B00040E8F9 /* MainInterface.storyboard */,
				3F016CD2194FC2B00040E8F9 /* Supporting Files */,
			);
			path = DSPhotoWidget;
			sourceTree = "<group>";
		};
		3F016CD2194FC2B00040E8F9 /* Supporting Files */ = {
			isa = PBXGroup;
			children = (
				3F016CD3194FC2B00040E8F9 /* Info.plist */,
			);
			name = "Supporting Files";
			sourceTree = "<group>";
		};
		3FFDF3DE194D3029000BF34C = {
			isa = PBXGroup;
			children = (
				3FFDF3E9194D3029000BF34C /* SlideShow */,
				3FFDF3FA194D3029000BF34C /* SlideShowTests */,
				3F016CD1194FC2B00040E8F9 /* DSPhotoWidget */,
				3F016CCE194FC2B00040E8F9 /* Frameworks */,
				3FFDF3E8194D3029000BF34C /* Products */,
			);
			sourceTree = "<group>";
		};
		3FFDF3E8194D3029000BF34C /* Products */ = {
			isa = PBXGroup;
			children = (
				3FFDF3E7194D3029000BF34C /* SlideShow.app */,
				3FFDF3F7194D3029000BF34C /* SlideShowTests.xctest */,
				3F016CCD194FC2B00040E8F9 /* com.dispatchsync.SlideShow.DSPhotoWidget.appex */,
			);
			name = Products;
			sourceTree = "<group>";
		};
		3FFDF3E9194D3029000BF34C /* SlideShow */ = {
			isa = PBXGroup;
			children = (
				3FFDF3EE194D3029000BF34C /* AppDelegate.h */,
				3FFDF3EF194D3029000BF34C /* AppDelegate.m */,
				3FFDF3F1194D3029000BF34C /* Images.xcassets */,
				3FFDF3EA194D3029000BF34C /* Supporting Files */,
				3FFDF40C194D316B000BF34C /* DSSettingsViewController.h */,
				3FFDF40D194D316B000BF34C /* DSSettingsViewController.m */,
				3FFDF40E194D316B000BF34C /* DSSettingsViewController.xib */,
				3FFDF413194D3650000BF34C /* DSAlbum.h */,
				3FFDF414194D3650000BF34C /* DSAlbum.m */,
			);
			path = SlideShow;
			sourceTree = "<group>";
		};
		3FFDF3EA194D3029000BF34C /* Supporting Files */ = {
			isa = PBXGroup;
			children = (
				3FFDF3EB194D3029000BF34C /* Info.plist */,
				3FFDF3EC194D3029000BF34C /* main.m */,
			);
			name = "Supporting Files";
			sourceTree = "<group>";
		};
		3FFDF3FA194D3029000BF34C /* SlideShowTests */ = {
			isa = PBXGroup;
			children = (
				3FFDF3FD194D3029000BF34C /* SlideShowTests.m */,
				3FFDF3FB194D3029000BF34C /* Supporting Files */,
			);
			path = SlideShowTests;
			sourceTree = "<group>";
		};
		3FFDF3FB194D3029000BF34C /* Supporting Files */ = {
			isa = PBXGroup;
			children = (
				3FFDF3FC194D3029000BF34C /* Info.plist */,
			);
			name = "Supporting Files";
			sourceTree = "<group>";
		};
/* End PBXGroup section */

/* Begin PBXNativeTarget section */
		3F016CCC194FC2B00040E8F9 /* DSPhotoWidget */ = {
			isa = PBXNativeTarget;
			buildConfigurationList = 3F016CE0194FC2B00040E8F9 /* Build configuration list for PBXNativeTarget "DSPhotoWidget" */;
			buildPhases = (
				3F016CC9194FC2B00040E8F9 /* Sources */,
				3F016CCA194FC2B00040E8F9 /* Frameworks */,
				3F016CCB194FC2B00040E8F9 /* Resources */,
			);
			buildRules = (
			);
			dependencies = (
			);
			name = DSPhotoWidget;
			productName = DSPhotoWidget;
			productReference = 3F016CCD194FC2B00040E8F9 /* com.dispatchsync.SlideShow.DSPhotoWidget.appex */;
			productType = "com.apple.product-type.app-extension";
		};
		3FFDF3E6194D3029000BF34C /* SlideShow */ = {
			isa = PBXNativeTarget;
			buildConfigurationList = 3FFDF401194D3029000BF34C /* Build configuration list for PBXNativeTarget "SlideShow" */;
			buildPhases = (
				3FFDF3E3194D3029000BF34C /* Sources */,
				3FFDF3E4194D3029000BF34C /* Frameworks */,
				3FFDF3E5194D3029000BF34C /* Resources */,
				3F016CE1194FC2B00040E8F9 /* Embed App Extensions */,
			);
			buildRules = (
			);
			dependencies = (
				3F016CDA194FC2B00040E8F9 /* PBXTargetDependency */,
				3F016CDD194FC2B00040E8F9 /* PBXTargetDependency */,
			);
			name = SlideShow;
			productName = SlideShow;
			productReference = 3FFDF3E7194D3029000BF34C /* SlideShow.app */;
			productType = "com.apple.product-type.application";
		};
		3FFDF3F6194D3029000BF34C /* SlideShowTests */ = {
			isa = PBXNativeTarget;
			buildConfigurationList = 3FFDF404194D3029000BF34C /* Build configuration list for PBXNativeTarget "SlideShowTests" */;
			buildPhases = (
				3FFDF3F3194D3029000BF34C /* Sources */,
				3FFDF3F4194D3029000BF34C /* Frameworks */,
				3FFDF3F5194D3029000BF34C /* Resources */,
			);
			buildRules = (
			);
			dependencies = (
				3FFDF3F9194D3029000BF34C /* PBXTargetDependency */,
			);
			name = SlideShowTests;
			productName = SlideShowTests;
			productReference = 3FFDF3F7194D3029000BF34C /* SlideShowTests.xctest */;
			productType = "com.apple.product-type.bundle.unit-test";
		};
/* End PBXNativeTarget section */

/* Begin PBXProject section */
		3FFDF3DF194D3029000BF34C /* Project object */ = {
			isa = PBXProject;
			attributes = {
				LastUpgradeCheck = 0600;
				ORGANIZATIONNAME = DispatchSync;
				TargetAttributes = {
					3F016CCC194FC2B00040E8F9 = {
						CreatedOnToolsVersion = 6.0;
					};
					3FFDF3E6194D3029000BF34C = {
						CreatedOnToolsVersion = 6.0;
					};
					3FFDF3F6194D3029000BF34C = {
						CreatedOnToolsVersion = 6.0;
						TestTargetID = 3FFDF3E6194D3029000BF34C;
					};
				};
			};
			buildConfigurationList = 3FFDF3E2194D3029000BF34C /* Build configuration list for PBXProject "SlideShow" */;
			compatibilityVersion = "Xcode 3.2";
			developmentRegion = English;
			hasScannedForEncodings = 0;
			knownRegions = (
				en,
			);
			mainGroup = 3FFDF3DE194D3029000BF34C;
			productRefGroup = 3FFDF3E8194D3029000BF34C /* Products */;
			projectDirPath = "";
			projectRoot = "";
			targets = (
				3FFDF3E6194D3029000BF34C /* SlideShow */,
				3FFDF3F6194D3029000BF34C /* SlideShowTests */,
				3F016CCC194FC2B00040E8F9 /* DSPhotoWidget */,
			);
		};
/* End PBXProject section */

/* Begin PBXResourcesBuildPhase section */
		3F016CCB194FC2B00040E8F9 /* Resources */ = {
			isa = PBXResourcesBuildPhase;
			buildActionMask = 2147483647;
			files = (
				3F016CD8194FC2B00040E8F9 /* MainInterface.storyboard in Resources */,
			);
			runOnlyForDeploymentPostprocessing = 0;
		};
		3FFDF3E5194D3029000BF34C /* Resources */ = {
			isa = PBXResourcesBuildPhase;
			buildActionMask = 2147483647;
			files = (
				3FFDF410194D316B000BF34C /* DSSettingsViewController.xib in Resources */,
				3FFDF3F2194D3029000BF34C /* Images.xcassets in Resources */,
			);
			runOnlyForDeploymentPostprocessing = 0;
		};
		3FFDF3F5194D3029000BF34C /* Resources */ = {
			isa = PBXResourcesBuildPhase;
			buildActionMask = 2147483647;
			files = (
			);
			runOnlyForDeploymentPostprocessing = 0;
		};
/* End PBXResourcesBuildPhase section */

/* Begin PBXSourcesBuildPhase section */
		3F016CC9194FC2B00040E8F9 /* Sources */ = {
			isa = PBXSourcesBuildPhase;
			buildActionMask = 2147483647;
			files = (
				3F016CE3194FC2DB0040E8F9 /* DSAlbum.m in Sources */,
				3F016CD6194FC2B00040E8F9 /* TodayViewController.m in Sources */,
			);
			runOnlyForDeploymentPostprocessing = 0;
		};
		3FFDF3E3194D3029000BF34C /* Sources */ = {
			isa = PBXSourcesBuildPhase;
			buildActionMask = 2147483647;
			files = (
				3FFDF415194D3650000BF34C /* DSAlbum.m in Sources */,
				3FFDF3F0194D3029000BF34C /* AppDelegate.m in Sources */,
				3FFDF40F194D316B000BF34C /* DSSettingsViewController.m in Sources */,
				3FFDF3ED194D3029000BF34C /* main.m in Sources */,
			);
			runOnlyForDeploymentPostprocessing = 0;
		};
		3FFDF3F3194D3029000BF34C /* Sources */ = {
			isa = PBXSourcesBuildPhase;
			buildActionMask = 2147483647;
			files = (
				3FFDF3FE194D3029000BF34C /* SlideShowTests.m in Sources */,
			);
			runOnlyForDeploymentPostprocessing = 0;
		};
/* End PBXSourcesBuildPhase section */

/* Begin PBXTargetDependency section */
		3F016CDA194FC2B00040E8F9 /* PBXTargetDependency */ = {
			isa = PBXTargetDependency;
			target = 3F016CCC194FC2B00040E8F9 /* DSPhotoWidget */;
			targetProxy = 3F016CD9194FC2B00040E8F9 /* PBXContainerItemProxy */;
		};
		3F016CDD194FC2B00040E8F9 /* PBXTargetDependency */ = {
			isa = PBXTargetDependency;
			target = 3F016CCC194FC2B00040E8F9 /* DSPhotoWidget */;
			targetProxy = 3F016CDC194FC2B00040E8F9 /* PBXContainerItemProxy */;
		};
		3FFDF3F9194D3029000BF34C /* PBXTargetDependency */ = {
			isa = PBXTargetDependency;
			target = 3FFDF3E6194D3029000BF34C /* SlideShow */;
			targetProxy = 3FFDF3F8194D3029000BF34C /* PBXContainerItemProxy */;
		};
/* End PBXTargetDependency section */

/* Begin XCBuildConfiguration section */
		3F016CDE194FC2B00040E8F9 /* Debug */ = {
			isa = XCBuildConfiguration;
			buildSettings = {
				GCC_PREPROCESSOR_DEFINITIONS = (
					"DEBUG=1",
					"$(inherited)",
				);
				INFOPLIST_FILE = DSPhotoWidget/Info.plist;
				LD_RUNPATH_SEARCH_PATHS = "$(inherited) @executable_path/Frameworks @executable_path/../../Frameworks";
				METAL_ENABLE_DEBUG_INFO = YES;
				PRODUCT_NAME = "com.dispatchsync.SlideShow.$(TARGET_NAME:rfc1034identifier)";
				SKIP_INSTALL = YES;
			};
			name = Debug;
		};
		3F016CDF194FC2B00040E8F9 /* Release */ = {
			isa = XCBuildConfiguration;
			buildSettings = {
				INFOPLIST_FILE = DSPhotoWidget/Info.plist;
				LD_RUNPATH_SEARCH_PATHS = "$(inherited) @executable_path/Frameworks @executable_path/../../Frameworks";
				METAL_ENABLE_DEBUG_INFO = NO;
				PRODUCT_NAME = "com.dispatchsync.SlideShow.$(TARGET_NAME:rfc1034identifier)";
				SKIP_INSTALL = YES;
			};
			name = Release;
		};
		3FFDF3FF194D3029000BF34C /* Debug */ = {
			isa = XCBuildConfiguration;
			buildSettings = {
				ALWAYS_SEARCH_USER_PATHS = NO;
				CLANG_CXX_LANGUAGE_STANDARD = "gnu++0x";
				CLANG_CXX_LIBRARY = "libc++";
				CLANG_ENABLE_MODULES = YES;
				CLANG_ENABLE_OBJC_ARC = YES;
				CLANG_WARN_BOOL_CONVERSION = YES;
				CLANG_WARN_CONSTANT_CONVERSION = YES;
				CLANG_WARN_DIRECT_OBJC_ISA_USAGE = YES_ERROR;
				CLANG_WARN_EMPTY_BODY = YES;
				CLANG_WARN_ENUM_CONVERSION = YES;
				CLANG_WARN_INT_CONVERSION = YES;
				CLANG_WARN_OBJC_ROOT_CLASS = YES_ERROR;
				CLANG_WARN_UNREACHABLE_CODE = YES;
				CLANG_WARN__DUPLICATE_METHOD_MATCH = YES;
				"CODE_SIGN_IDENTITY[sdk=iphoneos*]" = "iPhone Developer";
				COPY_PHASE_STRIP = NO;
				ENABLE_STRICT_OBJC_MSGSEND = YES;
				GCC_C_LANGUAGE_STANDARD = gnu99;
				GCC_DYNAMIC_NO_PIC = NO;
				GCC_OPTIMIZATION_LEVEL = 0;
				GCC_PREPROCESSOR_DEFINITIONS = (
					"DEBUG=1",
					"$(inherited)",
				);
				GCC_SYMBOLS_PRIVATE_EXTERN = NO;
				GCC_WARN_64_TO_32_BIT_CONVERSION = YES;
				GCC_WARN_ABOUT_RETURN_TYPE = YES_ERROR;
				GCC_WARN_UNDECLARED_SELECTOR = YES;
				GCC_WARN_UNINITIALIZED_AUTOS = YES_AGGRESSIVE;
				GCC_WARN_UNUSED_FUNCTION = YES;
				GCC_WARN_UNUSED_VARIABLE = YES;
				IPHONEOS_DEPLOYMENT_TARGET = 8.0;
				METAL_ENABLE_DEBUG_INFO = YES;
				ONLY_ACTIVE_ARCH = YES;
				SDKROOT = iphoneos;
			};
			name = Debug;
		};
		3FFDF400194D3029000BF34C /* Release */ = {
			isa = XCBuildConfiguration;
			buildSettings = {
				ALWAYS_SEARCH_USER_PATHS = NO;
				CLANG_CXX_LANGUAGE_STANDARD = "gnu++0x";
				CLANG_CXX_LIBRARY = "libc++";
				CLANG_ENABLE_MODULES = YES;
				CLANG_ENABLE_OBJC_ARC = YES;
				CLANG_WARN_BOOL_CONVERSION = YES;
				CLANG_WARN_CONSTANT_CONVERSION = YES;
				CLANG_WARN_DIRECT_OBJC_ISA_USAGE = YES_ERROR;
				CLANG_WARN_EMPTY_BODY = YES;
				CLANG_WARN_ENUM_CONVERSION = YES;
				CLANG_WARN_INT_CONVERSION = YES;
				CLANG_WARN_OBJC_ROOT_CLASS = YES_ERROR;
				CLANG_WARN_UNREACHABLE_CODE = YES;
				CLANG_WARN__DUPLICATE_METHOD_MATCH = YES;
				"CODE_SIGN_IDENTITY[sdk=iphoneos*]" = "iPhone Developer";
				COPY_PHASE_STRIP = YES;
				ENABLE_NS_ASSERTIONS = NO;
				ENABLE_STRICT_OBJC_MSGSEND = YES;
				GCC_C_LANGUAGE_STANDARD = gnu99;
				GCC_WARN_64_TO_32_BIT_CONVERSION = YES;
				GCC_WARN_ABOUT_RETURN_TYPE = YES_ERROR;
				GCC_WARN_UNDECLARED_SELECTOR = YES;
				GCC_WARN_UNINITIALIZED_AUTOS = YES_AGGRESSIVE;
				GCC_WARN_UNUSED_FUNCTION = YES;
				GCC_WARN_UNUSED_VARIABLE = YES;
				IPHONEOS_DEPLOYMENT_TARGET = 8.0;
				METAL_ENABLE_DEBUG_INFO = NO;
				SDKROOT = iphoneos;
				VALIDATE_PRODUCT = YES;
			};
			name = Release;
		};
		3FFDF402194D3029000BF34C /* Debug */ = {
			isa = XCBuildConfiguration;
			buildSettings = {
				ASSETCATALOG_COMPILER_APPICON_NAME = AppIcon;
				ASSETCATALOG_COMPILER_LAUNCHIMAGE_NAME = LaunchImage;
				INFOPLIST_FILE = SlideShow/Info.plist;
				LD_RUNPATH_SEARCH_PATHS = "$(inherited) @executable_path/Frameworks";
				PRODUCT_NAME = "$(TARGET_NAME)";
			};
			name = Debug;
		};
		3FFDF403194D3029000BF34C /* Release */ = {
			isa = XCBuildConfiguration;
			buildSettings = {
				ASSETCATALOG_COMPILER_APPICON_NAME = AppIcon;
				ASSETCATALOG_COMPILER_LAUNCHIMAGE_NAME = LaunchImage;
				INFOPLIST_FILE = SlideShow/Info.plist;
				LD_RUNPATH_SEARCH_PATHS = "$(inherited) @executable_path/Frameworks";
				PRODUCT_NAME = "$(TARGET_NAME)";
			};
			name = Release;
		};
		3FFDF405194D3029000BF34C /* Debug */ = {
			isa = XCBuildConfiguration;
			buildSettings = {
				BUNDLE_LOADER = "$(BUILT_PRODUCTS_DIR)/SlideShow.app/SlideShow";
				FRAMEWORK_SEARCH_PATHS = (
					"$(SDKROOT)/Developer/Library/Frameworks",
					"$(inherited)",
				);
				GCC_PREPROCESSOR_DEFINITIONS = (
					"DEBUG=1",
					"$(inherited)",
				);
				INFOPLIST_FILE = SlideShowTests/Info.plist;
				LD_RUNPATH_SEARCH_PATHS = "$(inherited) @executable_path/Frameworks @loader_path/Frameworks";
				METAL_ENABLE_DEBUG_INFO = YES;
				PRODUCT_NAME = "$(TARGET_NAME)";
				TEST_HOST = "$(BUNDLE_LOADER)";
			};
			name = Debug;
		};
		3FFDF406194D3029000BF34C /* Release */ = {
			isa = XCBuildConfiguration;
			buildSettings = {
				BUNDLE_LOADER = "$(BUILT_PRODUCTS_DIR)/SlideShow.app/SlideShow";
				FRAMEWORK_SEARCH_PATHS = (
					"$(SDKROOT)/Developer/Library/Frameworks",
					"$(inherited)",
				);
				INFOPLIST_FILE = SlideShowTests/Info.plist;
				LD_RUNPATH_SEARCH_PATHS = "$(inherited) @executable_path/Frameworks @loader_path/Frameworks";
				METAL_ENABLE_DEBUG_INFO = NO;
				PRODUCT_NAME = "$(TARGET_NAME)";
				TEST_HOST = "$(BUNDLE_LOADER)";
			};
			name = Release;
		};
/* End XCBuildConfiguration section */

/* Begin XCConfigurationList section */
		3F016CE0194FC2B00040E8F9 /* Build configuration list for PBXNativeTarget "DSPhotoWidget" */ = {
			isa = XCConfigurationList;
			buildConfigurations = (
				3F016CDE194FC2B00040E8F9 /* Debug */,
				3F016CDF194FC2B00040E8F9 /* Release */,
			);
			defaultConfigurationIsVisible = 0;
		};
		3FFDF3E2194D3029000BF34C /* Build configuration list for PBXProject "SlideShow" */ = {
			isa = XCConfigurationList;
			buildConfigurations = (
				3FFDF3FF194D3029000BF34C /* Debug */,
				3FFDF400194D3029000BF34C /* Release */,
			);
			defaultConfigurationIsVisible = 0;
			defaultConfigurationName = Release;
		};
		3FFDF401194D3029000BF34C /* Build configuration list for PBXNativeTarget "SlideShow" */ = {
			isa = XCConfigurationList;
			buildConfigurations = (
				3FFDF402194D3029000BF34C /* Debug */,
				3FFDF403194D3029000BF34C /* Release */,
			);
			defaultConfigurationIsVisible = 0;
			defaultConfigurationName = Release;
		};
		3FFDF404194D3029000BF34C /* Build configuration list for PBXNativeTarget "SlideShowTests" */ = {
			isa = XCConfigurationList;
			buildConfigurations = (
				3FFDF405194D3029000BF34C /* Debug */,
				3FFDF406194D3029000BF34C /* Release */,
			);
			defaultConfigurationIsVisible = 0;
			defaultConfigurationName = Release;
		};
/* End XCConfigurationList section */
	};
	rootObject = 3FFDF3DF194D3029000BF34C /* Project object */;
}
